
Microsoft Visual Studio Solution File, Format Version 12.00
# Visual Studio 15
VisualStudioVersion = 15.0.27703.2026
MinimumVisualStudioVersion = 10.0.40219.1
Project("{FAE04EC0-301F-11D3-BF4B-00C04F79EFBC}") = "WebHotel", "WebHotel\WebHotel.csproj", "{0974D5FC-4C06-473A-9811-5F2BB6AF4ADB}"
EndProject
Global
	GlobalSection(SolutionConfigurationPlatforms) = preSolution
		Debug|Any CPU = Debug|Any CPU
		Release|Any CPU = Release|Any CPU
	EndGlobalSection
	GlobalSection(ProjectConfigurationPlatforms) = postSolution
		{0974D5FC-4C06-473A-9811-5F2BB6AF4ADB}.Debug|Any CPU.ActiveCfg = Debug|Any CPU
		{0974D5FC-4C06-473A-9811-5F2BB6AF4ADB}.Debug|Any CPU.Build.0 = Debug|Any CPU
		{0974D5FC-4C06-473A-9811-5F2BB6AF4ADB}.Release|Any CPU.ActiveCfg = Release|Any CPU
		{0974D5FC-4C06-473A-9811-5F2BB6AF4ADB}.Release|Any CPU.Build.0 = Release|Any CPU
	EndGlobalSection
	GlobalSection(SolutionProperties) = preSolution
		HideSolutionNode = FALSE
	EndGlobalSection
	GlobalSection(ExtensibilityGlobals) = postSolution
		SolutionGuid = {D61D0AAA-6672-42FD-8AF6-0140AE1EC332}
	EndGlobalSection
EndGlobal
